// !$*UTF8*$!
{
	archiveVersion = 1;
	classes = {
	};
	objectVersion = 50;
	objects = {

/* Begin PBXBuildFile section */
		A3C7D0512237E9DE00422773 /* AppDelegate.swift in Sources */ = {isa = PBXBuildFile; fileRef = A3C7D0502237E9DE00422773 /* AppDelegate.swift */; };
		A3C7D0532237E9DE00422773 /* ViewController.swift in Sources */ = {isa = PBXBuildFile; fileRef = A3C7D0522237E9DE00422773 /* ViewController.swift */; };
		A3C7D0562237E9DE00422773 /* Main.storyboard in Resources */ = {isa = PBXBuildFile; fileRef = A3C7D0542237E9DE00422773 /* Main.storyboard */; };
		A3C7D0582237E9E000422773 /* Assets.xcassets in Resources */ = {isa = PBXBuildFile; fileRef = A3C7D0572237E9E000422773 /* Assets.xcassets */; };
		A3C7D05B2237E9E000422773 /* LaunchScreen.storyboard in Resources */ = {isa = PBXBuildFile; fileRef = A3C7D0592237E9E000422773 /* LaunchScreen.storyboard */; };
		A3C7D0662237E9E000422773 /* IMDBTopTests.swift in Sources */ = {isa = PBXBuildFile; fileRef = A3C7D0652237E9E000422773 /* IMDBTopTests.swift */; };
/* End PBXBuildFile section */

/* Begin PBXContainerItemProxy section */
		A3C7D0622237E9E000422773 /* PBXContainerItemProxy */ = {
			isa = PBXContainerItemProxy;
			containerPortal = A3C7D0452237E9DE00422773 /* Project object */;
			proxyType = 1;
			remoteGlobalIDString = A3C7D04C2237E9DE00422773;
			remoteInfo = IMDBTop;
		};
/* End PBXContainerItemProxy section */

/* Begin PBXFileReference section */
		A3C7D04D2237E9DE00422773 /* IMDBTop.app */ = {isa = PBXFileReference; explicitFileType = wrapper.application; includeInIndex = 0; path = IMDBTop.app; sourceTree = BUILT_PRODUCTS_DIR; };
		A3C7D0502237E9DE00422773 /* AppDelegate.swift */ = {isa = PBXFileReference; lastKnownFileType = sourcecode.swift; path = AppDelegate.swift; sourceTree = "<group>"; };
		A3C7D0522237E9DE00422773 /* ViewController.swift */ = {isa = PBXFileReference; lastKnownFileType = sourcecode.swift; path = ViewController.swift; sourceTree = "<group>"; };
		A3C7D0552237E9DE00422773 /* Base */ = {isa = PBXFileReference; lastKnownFileType = file.storyboard; name = Base; path = Base.lproj/Main.storyboard; sourceTree = "<group>"; };
		A3C7D0572237E9E000422773 /* Assets.xcassets */ = {isa = PBXFileReference; lastKnownFileType = folder.assetcatalog; path = Assets.xcassets; sourceTree = "<group>"; };
		A3C7D05A2237E9E000422773 /* Base */ = {isa = PBXFileReference; lastKnownFileType = file.storyboard; name = Base; path = Base.lproj/LaunchScreen.storyboard; sourceTree = "<group>"; };
		A3C7D05C2237E9E000422773 /* Info.plist */ = {isa = PBXFileReference; lastKnownFileType = text.plist.xml; path = Info.plist; sourceTree = "<group>"; };
		A3C7D0612237E9E000422773 /* IMDBTopTests.xctest */ = {isa = PBXFileReference; explicitFileType = wrapper.cfbundle; includeInIndex = 0; path = IMDBTopTests.xctest; sourceTree = BUILT_PRODUCTS_DIR; };
		A3C7D0652237E9E000422773 /* IMDBTopTests.swift */ = {isa = PBXFileReference; lastKnownFileType = sourcecode.swift; path = IMDBTopTests.swift; sourceTree = "<group>"; };
		A3C7D0672237E9E000422773 /* Info.plist */ = {isa = PBXFileReference; lastKnownFileType = text.plist.xml; path = Info.plist; sourceTree = "<group>"; };
/* End PBXFileReference section */

/* Begin PBXFrameworksBuildPhase section */
		A3C7D04A2237E9DE00422773 /* Frameworks */ = {
			isa = PBXFrameworksBuildPhase;
			buildActionMask = 2147483647;
			files = (
			);
			runOnlyForDeploymentPostprocessing = 0;
		};
		A3C7D05E2237E9E000422773 /* Frameworks */ = {
			isa = PBXFrameworksBuildPhase;
			buildActionMask = 2147483647;
			files = (
			);
			runOnlyForDeploymentPostprocessing = 0;
		};
/* End PBXFrameworksBuildPhase section */

/* Begin PBXGroup section */
		A3C7D0442237E9DE00422773 = {
			isa = PBXGroup;
			children = (
				A3C7D04F2237E9DE00422773 /* IMDBTop */,
				A3C7D0642237E9E000422773 /* IMDBTopTests */,
				A3C7D04E2237E9DE00422773 /* Products */,
			);
			sourceTree = "<group>";
		};
		A3C7D04E2237E9DE00422773 /* Products */ = {
			isa = PBXGroup;
			children = (
				A3C7D04D2237E9DE00422773 /* IMDBTop.app */,
				A3C7D0612237E9E000422773 /* IMDBTopTests.xctest */,
			);
			name = Products;
			sourceTree = "<group>";
		};
		A3C7D04F2237E9DE00422773 /* IMDBTop */ = {
			isa = PBXGroup;
			children = (
				A3C7D0502237E9DE00422773 /* AppDelegate.swift */,
				A3C7D0522237E9DE00422773 /* ViewController.swift */,
				A3C7D0542237E9DE00422773 /* Main.storyboard */,
				A3C7D0572237E9E000422773 /* Assets.xcassets */,
				A3C7D0592237E9E000422773 /* LaunchScreen.storyboard */,
				A3C7D05C2237E9E000422773 /* Info.plist */,
			);
			path = IMDBTop;
			sourceTree = "<group>";
		};
		A3C7D0642237E9E000422773 /* IMDBTopTests */ = {
			isa = PBXGroup;
			children = (
				A3C7D0652237E9E000422773 /* IMDBTopTests.swift */,
				A3C7D0672237E9E000422773 /* Info.plist */,
			);
			path = IMDBTopTests;
			sourceTree = "<group>";
		};
/* End PBXGroup section */

/* Begin PBXNativeTarget section */
		A3C7D04C2237E9DE00422773 /* IMDBTop */ = {
			isa = PBXNativeTarget;
			buildConfigurationList = A3C7D06A2237E9E000422773 /* Build configuration list for PBXNativeTarget "IMDBTop" */;
			buildPhases = (
				A3C7D0492237E9DE00422773 /* Sources */,
				A3C7D04A2237E9DE00422773 /* Frameworks */,
				A3C7D04B2237E9DE00422773 /* Resources */,
			);
			buildRules = (
			);
			dependencies = (
			);
			name = IMDBTop;
			productName = IMDBTop;
			productReference = A3C7D04D2237E9DE00422773 /* IMDBTop.app */;
			productType = "com.apple.product-type.application";
		};
		A3C7D0602237E9E000422773 /* IMDBTopTests */ = {
			isa = PBXNativeTarget;
			buildConfigurationList = A3C7D06D2237E9E000422773 /* Build configuration list for PBXNativeTarget "IMDBTopTests" */;
			buildPhases = (
				A3C7D05D2237E9E000422773 /* Sources */,
				A3C7D05E2237E9E000422773 /* Frameworks */,
				A3C7D05F2237E9E000422773 /* Resources */,
			);
			buildRules = (
			);
			dependencies = (
				A3C7D0632237E9E000422773 /* PBXTargetDependency */,
			);
			name = IMDBTopTests;
			productName = IMDBTopTests;
			productReference = A3C7D0612237E9E000422773 /* IMDBTopTests.xctest */;
			productType = "com.apple.product-type.bundle.unit-test";
		};
/* End PBXNativeTarget section */

/* Begin PBXProject section */
		A3C7D0452237E9DE00422773 /* Project object */ = {
			isa = PBXProject;
			attributes = {
				LastSwiftUpdateCheck = 1010;
				LastUpgradeCheck = 1010;
				ORGANIZATIONNAME = "Nikita Moiseev";
				TargetAttributes = {
					A3C7D04C2237E9DE00422773 = {
						CreatedOnToolsVersion = 10.1;
					};
					A3C7D0602237E9E000422773 = {
						CreatedOnToolsVersion = 10.1;
						TestTargetID = A3C7D04C2237E9DE00422773;
					};
				};
			};
			buildConfigurationList = A3C7D0482237E9DE00422773 /* Build configuration list for PBXProject "IMDBTop" */;
			compatibilityVersion = "Xcode 9.3";
			developmentRegion = en;
			hasScannedForEncodings = 0;
			knownRegions = (
				en,
				Base,
			);
			mainGroup = A3C7D0442237E9DE00422773;
			productRefGroup = A3C7D04E2237E9DE00422773 /* Products */;
			projectDirPath = "";
			projectRoot = "";
			targets = (
				A3C7D04C2237E9DE00422773 /* IMDBTop */,
				A3C7D0602237E9E000422773 /* IMDBTopTests */,
			);
		};
/* End PBXProject section */

/* Begin PBXResourcesBuildPhase section */
		A3C7D04B2237E9DE00422773 /* Resources */ = {
			isa = PBXResourcesBuildPhase;
			buildActionMask = 2147483647;
			files = (
				A3C7D05B2237E9E000422773 /* LaunchScreen.storyboard in Resources */,
				A3C7D0582237E9E000422773 /* Assets.xcassets in Resources */,
				A3C7D0562237E9DE00422773 /* Main.storyboard in Resources */,
			);
			runOnlyForDeploymentPostprocessing = 0;
		};
		A3C7D05F2237E9E000422773 /* Resources */ = {
			isa = PBXResourcesBuildPhase;
			buildActionMask = 2147483647;
			files = (
			);
			runOnlyForDeploymentPostprocessing = 0;
		};
/* End PBXResourcesBuildPhase section */

/* Begin PBXSourcesBuildPhase section */
		A3C7D0492237E9DE00422773 /* Sources */ = {
			isa = PBXSourcesBuildPhase;
			buildActionMask = 2147483647;
			files = (
				A3C7D0532237E9DE00422773 /* ViewController.swift in Sources */,
				A3C7D0512237E9DE00422773 /* AppDelegate.swift in Sources */,
			);
			runOnlyForDeploymentPostprocessing = 0;
		};
		A3C7D05D2237E9E000422773 /* Sources */ = {
			isa = PBXSourcesBuildPhase;
			buildActionMask = 2147483647;
			files = (
				A3C7D0662237E9E000422773 /* IMDBTopTests.swift in Sources */,
			);
			runOnlyForDeploymentPostprocessing = 0;
		};
/* End PBXSourcesBuildPhase section */

/* Begin PBXTargetDependency section */
		A3C7D0632237E9E000422773 /* PBXTargetDependency */ = {
			isa = PBXTargetDependency;
			target = A3C7D04C2237E9DE00422773 /* IMDBTop */;
			targetProxy = A3C7D0622237E9E000422773 /* PBXContainerItemProxy */;
		};
/* End PBXTargetDependency section */

/* Begin PBXVariantGroup section */
		A3C7D0542237E9DE00422773 /* Main.storyboard */ = {
			isa = PBXVariantGroup;
			children = (
				A3C7D0552237E9DE00422773 /* Base */,
			);
			name = Main.storyboard;
			sourceTree = "<group>";
		};
		A3C7D0592237E9E000422773 /* LaunchScreen.storyboard */ = {
			isa = PBXVariantGroup;
			children = (
				A3C7D05A2237E9E000422773 /* Base */,
			);
			name = LaunchScreen.storyboard;
			sourceTree = "<group>";
		};
/* End PBXVariantGroup section */

/* Begin XCBuildConfiguration section */
		A3C7D0682237E9E000422773 /* Debug */ = {
			isa = XCBuildConfiguration;
			buildSettings = {
				ALWAYS_SEARCH_USER_PATHS = NO;
				CLANG_ANALYZER_NONNULL = YES;
				CLANG_ANALYZER_NUMBER_OBJECT_CONVERSION = YES_AGGRESSIVE;
				CLANG_CXX_LANGUAGE_STANDARD = "gnu++14";
				CLANG_CXX_LIBRARY = "libc++";
				CLANG_ENABLE_MODULES = YES;
				CLANG_ENABLE_OBJC_ARC = YES;
				CLANG_ENABLE_OBJC_WEAK = YES;
				CLANG_WARN_BLOCK_CAPTURE_AUTORELEASING = YES;
				CLANG_WARN_BOOL_CONVERSION = YES;
				CLANG_WARN_COMMA = YES;
				CLANG_WARN_CONSTANT_CONVERSION = YES;
				CLANG_WARN_DEPRECATED_OBJC_IMPLEMENTATIONS = YES;
				CLANG_WARN_DIRECT_OBJC_ISA_USAGE = YES_ERROR;
				CLANG_WARN_DOCUMENTATION_COMMENTS = YES;
				CLANG_WARN_EMPTY_BODY = YES;
				CLANG_WARN_ENUM_CONVERSION = YES;
				CLANG_WARN_INFINITE_RECURSION = YES;
				CLANG_WARN_INT_CONVERSION = YES;
				CLANG_WARN_NON_LITERAL_NULL_CONVERSION = YES;
				CLANG_WARN_OBJC_IMPLICIT_RETAIN_SELF = YES;
				CLANG_WARN_OBJC_LITERAL_CONVERSION = YES;
				CLANG_WARN_OBJC_ROOT_CLASS = YES_ERROR;
				CLANG_WARN_RANGE_LOOP_ANALYSIS = YES;
				CLANG_WARN_STRICT_PROTOTYPES = YES;
				CLANG_WARN_SUSPICIOUS_MOVE = YES;
				CLANG_WARN_UNGUARDED_AVAILABILITY = YES_AGGRESSIVE;
				CLANG_WARN_UNREACHABLE_CODE = YES;
				CLANG_WARN__DUPLICATE_METHOD_MATCH = YES;
				CODE_SIGN_IDENTITY = "iPhone Developer";
				COPY_PHASE_STRIP = NO;
				DEBUG_INFORMATION_FORMAT = dwarf;
				ENABLE_STRICT_OBJC_MSGSEND = YES;
				ENABLE_TESTABILITY = YES;
				GCC_C_LANGUAGE_STANDARD = gnu11;
				GCC_DYNAMIC_NO_PIC = NO;
				GCC_NO_COMMON_BLOCKS = YES;
				GCC_OPTIMIZATION_LEVEL = 0;
				GCC_PREPROCESSOR_DEFINITIONS = (
					"DEBUG=1",
					"$(inherited)",
				);
				GCC_WARN_64_TO_32_BIT_CONVERSION = YES;
				GCC_WARN_ABOUT_RETURN_TYPE = YES_ERROR;
				GCC_WARN_UNDECLARED_SELECTOR = YES;
				GCC_WARN_UNINITIALIZED_AUTOS = YES_AGGRESSIVE;
				GCC_WARN_UNUSED_FUNCTION = YES;
				GCC_WARN_UNUSED_VARIABLE = YES;
				IPHONEOS_DEPLOYMENT_TARGET = 12.1;
				MTL_ENABLE_DEBUG_INFO = INCLUDE_SOURCE;
				MTL_FAST_MATH = YES;
				ONLY_ACTIVE_ARCH = YES;
				SDKROOT = iphoneos;
				SWIFT_ACTIVE_COMPILATION_CONDITIONS = DEBUG;
				SWIFT_OPTIMIZATION_LEVEL = "-Onone";
			};
			name = Debug;
		};
		A3C7D0692237E9E000422773 /* Release */ = {
			isa = XCBuildConfiguration;
			buildSettings = {
				ALWAYS_SEARCH_USER_PATHS = NO;
				CLANG_ANALYZER_NONNULL = YES;
				CLANG_ANALYZER_NUMBER_OBJECT_CONVERSION = YES_AGGRESSIVE;
				CLANG_CXX_LANGUAGE_STANDARD = "gnu++14";
				CLANG_CXX_LIBRARY = "libc++";
				CLANG_ENABLE_MODULES = YES;
				CLANG_ENABLE_OBJC_ARC = YES;
				CLANG_ENABLE_OBJC_WEAK = YES;
				CLANG_WARN_BLOCK_CAPTURE_AUTORELEASING = YES;
				CLANG_WARN_BOOL_CONVERSION = YES;
				CLANG_WARN_COMMA = YES;
				CLANG_WARN_CONSTANT_CONVERSION = YES;
				CLANG_WARN_DEPRECATED_OBJC_IMPLEMENTATIONS = YES;
				CLANG_WARN_DIRECT_OBJC_ISA_USAGE = YES_ERROR;
				CLANG_WARN_DOCUMENTATION_COMMENTS = YES;
				CLANG_WARN_EMPTY_BODY = YES;
				CLANG_WARN_ENUM_CONVERSION = YES;
				CLANG_WARN_INFINITE_RECURSION = YES;
				CLANG_WARN_INT_CONVERSION = YES;
				CLANG_WARN_NON_LITERAL_NULL_CONVERSION = YES;
				CLANG_WARN_OBJC_IMPLICIT_RETAIN_SELF = YES;
				CLANG_WARN_OBJC_LITERAL_CONVERSION = YES;
				CLANG_WARN_OBJC_ROOT_CLASS = YES_ERROR;
				CLANG_WARN_RANGE_LOOP_ANALYSIS = YES;
				CLANG_WARN_STRICT_PROTOTYPES = YES;
				CLANG_WARN_SUSPICIOUS_MOVE = YES;
				CLANG_WARN_UNGUARDED_AVAILABILITY = YES_AGGRESSIVE;
				CLANG_WARN_UNREACHABLE_CODE = YES;
				CLANG_WARN__DUPLICATE_METHOD_MATCH = YES;
				CODE_SIGN_IDENTITY = "iPhone Developer";
				COPY_PHASE_STRIP = NO;
				DEBUG_INFORMATION_FORMAT = "dwarf-with-dsym";
				ENABLE_NS_ASSERTIONS = NO;
				ENABLE_STRICT_OBJC_MSGSEND = YES;
				GCC_C_LANGUAGE_STANDARD = gnu11;
				GCC_NO_COMMON_BLOCKS = YES;
				GCC_WARN_64_TO_32_BIT_CONVERSION = YES;
				GCC_WARN_ABOUT_RETURN_TYPE = YES_ERROR;
				GCC_WARN_UNDECLARED_SELECTOR = YES;
				GCC_WARN_UNINITIALIZED_AUTOS = YES_AGGRESSIVE;
				GCC_WARN_UNUSED_FUNCTION = YES;
				GCC_WARN_UNUSED_VARIABLE = YES;
				IPHONEOS_DEPLOYMENT_TARGET = 12.1;
				MTL_ENABLE_DEBUG_INFO = NO;
				MTL_FAST_MATH = YES;
				SDKROOT = iphoneos;
				SWIFT_COMPILATION_MODE = wholemodule;
				SWIFT_OPTIMIZATION_LEVEL = "-O";
				VALIDATE_PRODUCT = YES;
			};
			name = Release;
		};
		A3C7D06B2237E9E000422773 /* Debug */ = {
			isa = XCBuildConfiguration;
			buildSettings = {
				ASSETCATALOG_COMPILER_APPICON_NAME = AppIcon;
				CODE_SIGN_STYLE = Automatic;
				INFOPLIST_FILE = IMDBTop/Info.plist;
				LD_RUNPATH_SEARCH_PATHS = (
					"$(inherited)",
					"@executable_path/Frameworks",
				);
				PRODUCT_BUNDLE_IDENTIFIER = com.nikitamoiseev.IMDBTop;
				PRODUCT_NAME = "$(TARGET_NAME)";
				SWIFT_VERSION = 4.2;
				TARGETED_DEVICE_FAMILY = "1,2";
			};
			name = Debug;
		};
		A3C7D06C2237E9E000422773 /* Release */ = {
			isa = XCBuildConfiguration;
			buildSettings = {
				ASSETCATALOG_COMPILER_APPICON_NAME = AppIcon;
				CODE_SIGN_STYLE = Automatic;
				INFOPLIST_FILE = IMDBTop/Info.plist;
				LD_RUNPATH_SEARCH_PATHS = (
					"$(inherited)",
					"@executable_path/Frameworks",
				);
				PRODUCT_BUNDLE_IDENTIFIER = com.nikitamoiseev.IMDBTop;
				PRODUCT_NAME = "$(TARGET_NAME)";
				SWIFT_VERSION = 4.2;
				TARGETED_DEVICE_FAMILY = "1,2";
			};
			name = Release;
		};
		A3C7D06E2237E9E000422773 /* Debug */ = {
			isa = XCBuildConfiguration;
			buildSettings = {
				ALWAYS_EMBED_SWIFT_STANDARD_LIBRARIES = YES;
				BUNDLE_LOADER = "$(TEST_HOST)";
				CODE_SIGN_STYLE = Automatic;
				INFOPLIST_FILE = IMDBTopTests/Info.plist;
				LD_RUNPATH_SEARCH_PATHS = (
					"$(inherited)",
					"@executable_path/Frameworks",
					"@loader_path/Frameworks",
				);
				PRODUCT_BUNDLE_IDENTIFIER = com.nikitamoiseev.IMDBTopTests;
				PRODUCT_NAME = "$(TARGET_NAME)";
				SWIFT_VERSION = 4.2;
				TARGETED_DEVICE_FAMILY = "1,2";
				TEST_HOST = "$(BUILT_PRODUCTS_DIR)/IMDBTop.app/IMDBTop";
			};
			name = Debug;
		};
		A3C7D06F2237E9E000422773 /* Release */ = {
			isa = XCBuildConfiguration;
			buildSettings = {
				ALWAYS_EMBED_SWIFT_STANDARD_LIBRARIES = YES;
				BUNDLE_LOADER = "$(TEST_HOST)";
				CODE_SIGN_STYLE = Automatic;
				INFOPLIST_FILE = IMDBTopTests/Info.plist;
				LD_RUNPATH_SEARCH_PATHS = (
					"$(inherited)",
					"@executable_path/Frameworks",
					"@loader_path/Frameworks",
				);
				PRODUCT_BUNDLE_IDENTIFIER = com.nikitamoiseev.IMDBTopTests;
				PRODUCT_NAME = "$(TARGET_NAME)";
				SWIFT_VERSION = 4.2;
				TARGETED_DEVICE_FAMILY = "1,2";
				TEST_HOST = "$(BUILT_PRODUCTS_DIR)/IMDBTop.app/IMDBTop";
			};
			name = Release;
		};
/* End XCBuildConfiguration section */

/* Begin XCConfigurationList section */
		A3C7D0482237E9DE00422773 /* Build configuration list for PBXProject "IMDBTop" */ = {
			isa = XCConfigurationList;
			buildConfigurations = (
				A3C7D0682237E9E000422773 /* Debug */,
				A3C7D0692237E9E000422773 /* Release */,
			);
			defaultConfigurationIsVisible = 0;
			defaultConfigurationName = Release;
		};
		A3C7D06A2237E9E000422773 /* Build configuration list for PBXNativeTarget "IMDBTop" */ = {
			isa = XCConfigurationList;
			buildConfigurations = (
				A3C7D06B2237E9E000422773 /* Debug */,
				A3C7D06C2237E9E000422773 /* Release */,
			);
			defaultConfigurationIsVisible = 0;
			defaultConfigurationName = Release;
		};
		A3C7D06D2237E9E000422773 /* Build configuration list for PBXNativeTarget "IMDBTopTests" */ = {
			isa = XCConfigurationList;
			buildConfigurations = (
				A3C7D06E2237E9E000422773 /* Debug */,
				A3C7D06F2237E9E000422773 /* Release */,
			);
			defaultConfigurationIsVisible = 0;
			defaultConfigurationName = Release;
		};
/* End XCConfigurationList section */
	};
	rootObject = A3C7D0452237E9DE00422773 /* Project object */;
}
