// !$*UTF8*$!
{
	archiveVersion = 1;
	classes = {
	};
	objectVersion = 50;
	objects = {

/* Begin PBXBuildFile section */
		44C08371AF295E63029331EC /* Pods_IMDBTop.framework in Frameworks */ = {isa = PBXBuildFile; fileRef = 9AAC4CF0B36C9EAB104CFB5C /* Pods_IMDBTop.framework */; };
		A30F94A8223901360024F105 /* TopListPresenter.swift in Sources */ = {isa = PBXBuildFile; fileRef = A30F94A1223901360024F105 /* TopListPresenter.swift */; };
		A30F94A9223901360024F105 /* TopListRouter.swift in Sources */ = {isa = PBXBuildFile; fileRef = A30F94A2223901360024F105 /* TopListRouter.swift */; };
		A30F94AA223901360024F105 /* TopListModuleAPI.swift in Sources */ = {isa = PBXBuildFile; fileRef = A30F94A3223901360024F105 /* TopListModuleAPI.swift */; };
		A30F94AB223901360024F105 /* TopListViewController.swift in Sources */ = {isa = PBXBuildFile; fileRef = A30F94A4223901360024F105 /* TopListViewController.swift */; };
		A30F94AC223901360024F105 /* TopListAssembly.swift in Sources */ = {isa = PBXBuildFile; fileRef = A30F94A5223901360024F105 /* TopListAssembly.swift */; };
		A30F94AD223901360024F105 /* TopListInteractor.swift in Sources */ = {isa = PBXBuildFile; fileRef = A30F94A6223901360024F105 /* TopListInteractor.swift */; };
		A30F94AE223901360024F105 /* TopListViewController.xib in Resources */ = {isa = PBXBuildFile; fileRef = A30F94A7223901360024F105 /* TopListViewController.xib */; };
		A30F94B5223909A60024F105 /* TopListDataSource.swift in Sources */ = {isa = PBXBuildFile; fileRef = A30F94B4223909A60024F105 /* TopListDataSource.swift */; };
		A30F94B822390AD10024F105 /* CinemaCell.swift in Sources */ = {isa = PBXBuildFile; fileRef = A30F94B622390AD10024F105 /* CinemaCell.swift */; };
		A30F94B922390AD10024F105 /* CinemaCell.xib in Resources */ = {isa = PBXBuildFile; fileRef = A30F94B722390AD10024F105 /* CinemaCell.xib */; };
		A30F94BC22390E570024F105 /* Movie.swift in Sources */ = {isa = PBXBuildFile; fileRef = A30F94BB22390E570024F105 /* Movie.swift */; };
		A30F94C1223916F60024F105 /* MovieAPI.swift in Sources */ = {isa = PBXBuildFile; fileRef = A30F94C0223916F60024F105 /* MovieAPI.swift */; };
		A30F94C322391A500024F105 /* MoviesService.swift in Sources */ = {isa = PBXBuildFile; fileRef = A30F94C222391A500024F105 /* MoviesService.swift */; };
		A36F949A22394E4A009DBC1C /* TheMoviedbTarget.swift in Sources */ = {isa = PBXBuildFile; fileRef = A36F949922394E4A009DBC1C /* TheMoviedbTarget.swift */; };
		A36F949C2239518E009DBC1C /* TopRated.swift in Sources */ = {isa = PBXBuildFile; fileRef = A36F949B2239518E009DBC1C /* TopRated.swift */; };
		A36F949F223974AA009DBC1C /* CommonAPI.swift in Sources */ = {isa = PBXBuildFile; fileRef = A36F949E223974AA009DBC1C /* CommonAPI.swift */; };
		A37007C5223BEC3B006303F9 /* FavoritesPresenter.swift in Sources */ = {isa = PBXBuildFile; fileRef = A37007BE223BEC3B006303F9 /* FavoritesPresenter.swift */; };
		A37007C6223BEC3B006303F9 /* FavoritesRouter.swift in Sources */ = {isa = PBXBuildFile; fileRef = A37007BF223BEC3B006303F9 /* FavoritesRouter.swift */; };
		A37007C7223BEC3B006303F9 /* FavoritesModuleAPI.swift in Sources */ = {isa = PBXBuildFile; fileRef = A37007C0223BEC3B006303F9 /* FavoritesModuleAPI.swift */; };
		A37007C8223BEC3B006303F9 /* FavoritesViewController.swift in Sources */ = {isa = PBXBuildFile; fileRef = A37007C1223BEC3B006303F9 /* FavoritesViewController.swift */; };
		A37007C9223BEC3B006303F9 /* FavoritesAssembly.swift in Sources */ = {isa = PBXBuildFile; fileRef = A37007C2223BEC3B006303F9 /* FavoritesAssembly.swift */; };
		A37007CA223BEC3B006303F9 /* FavoritesInteractor.swift in Sources */ = {isa = PBXBuildFile; fileRef = A37007C3223BEC3B006303F9 /* FavoritesInteractor.swift */; };
		A37007CB223BEC3B006303F9 /* FavoritesViewController.xib in Resources */ = {isa = PBXBuildFile; fileRef = A37007C4223BEC3B006303F9 /* FavoritesViewController.xib */; };
		A37007CF223BEF2C006303F9 /* FavoritesService.swift in Sources */ = {isa = PBXBuildFile; fileRef = A37007CE223BEF2C006303F9 /* FavoritesService.swift */; };
		A37007D1223BF119006303F9 /* Realm+Background.swift in Sources */ = {isa = PBXBuildFile; fileRef = A37007D0223BF119006303F9 /* Realm+Background.swift */; };
		A37007D3223BF213006303F9 /* RealmModels.swift in Sources */ = {isa = PBXBuildFile; fileRef = A37007D2223BF213006303F9 /* RealmModels.swift */; };
		A3B41B1F223A46DF00E7AF37 /* CommonService.swift in Sources */ = {isa = PBXBuildFile; fileRef = A3B41B1E223A46DF00E7AF37 /* CommonService.swift */; };
		A3B41B21223A47AF00E7AF37 /* Configuration.swift in Sources */ = {isa = PBXBuildFile; fileRef = A3B41B20223A47AF00E7AF37 /* Configuration.swift */; };
		A3B41B23223A4E0900E7AF37 /* UIImageView+Path.swift in Sources */ = {isa = PBXBuildFile; fileRef = A3B41B22223A4E0900E7AF37 /* UIImageView+Path.swift */; };
		A3B41B25223A509900E7AF37 /* ServicesFactory.swift in Sources */ = {isa = PBXBuildFile; fileRef = A3B41B24223A509900E7AF37 /* ServicesFactory.swift */; };
		A3C7D0512237E9DE00422773 /* AppDelegate.swift in Sources */ = {isa = PBXBuildFile; fileRef = A3C7D0502237E9DE00422773 /* AppDelegate.swift */; };
		A3C7D0532237E9DE00422773 /* ViewController.swift in Sources */ = {isa = PBXBuildFile; fileRef = A3C7D0522237E9DE00422773 /* ViewController.swift */; };
		A3C7D0562237E9DE00422773 /* Main.storyboard in Resources */ = {isa = PBXBuildFile; fileRef = A3C7D0542237E9DE00422773 /* Main.storyboard */; };
		A3C7D0582237E9E000422773 /* Assets.xcassets in Resources */ = {isa = PBXBuildFile; fileRef = A3C7D0572237E9E000422773 /* Assets.xcassets */; };
		A3C7D05B2237E9E000422773 /* LaunchScreen.storyboard in Resources */ = {isa = PBXBuildFile; fileRef = A3C7D0592237E9E000422773 /* LaunchScreen.storyboard */; };
		A3C7D0662237E9E000422773 /* IMDBTopTests.swift in Sources */ = {isa = PBXBuildFile; fileRef = A3C7D0652237E9E000422773 /* IMDBTopTests.swift */; };
		A3DCCB55223A376100372453 /* MoviePresenter.swift in Sources */ = {isa = PBXBuildFile; fileRef = A3DCCB4E223A376100372453 /* MoviePresenter.swift */; };
		A3DCCB56223A376100372453 /* MovieRouter.swift in Sources */ = {isa = PBXBuildFile; fileRef = A3DCCB4F223A376100372453 /* MovieRouter.swift */; };
		A3DCCB57223A376100372453 /* MovieModuleAPI.swift in Sources */ = {isa = PBXBuildFile; fileRef = A3DCCB50223A376100372453 /* MovieModuleAPI.swift */; };
		A3DCCB58223A376100372453 /* MovieViewController.swift in Sources */ = {isa = PBXBuildFile; fileRef = A3DCCB51223A376100372453 /* MovieViewController.swift */; };
		A3DCCB59223A376100372453 /* MovieAssembly.swift in Sources */ = {isa = PBXBuildFile; fileRef = A3DCCB52223A376100372453 /* MovieAssembly.swift */; };
		A3DCCB5A223A376100372453 /* MovieInteractor.swift in Sources */ = {isa = PBXBuildFile; fileRef = A3DCCB53223A376100372453 /* MovieInteractor.swift */; };
		A3DCCB5B223A376100372453 /* MovieViewController.xib in Resources */ = {isa = PBXBuildFile; fileRef = A3DCCB54223A376100372453 /* MovieViewController.xib */; };
		B045382C1B833428E48810FB /* Pods_IMDBTopTests.framework in Frameworks */ = {isa = PBXBuildFile; fileRef = D7D4A2DEE5B069E7126046B7 /* Pods_IMDBTopTests.framework */; };
/* End PBXBuildFile section */

/* Begin PBXContainerItemProxy section */
		A3C7D0622237E9E000422773 /* PBXContainerItemProxy */ = {
			isa = PBXContainerItemProxy;
			containerPortal = A3C7D0452237E9DE00422773 /* Project object */;
			proxyType = 1;
			remoteGlobalIDString = A3C7D04C2237E9DE00422773;
			remoteInfo = IMDBTop;
		};
/* End PBXContainerItemProxy section */

/* Begin PBXFileReference section */
		51BB3D6587AEEC4768CFCFC5 /* Pods-IMDBTop.debug.xcconfig */ = {isa = PBXFileReference; includeInIndex = 1; lastKnownFileType = text.xcconfig; name = "Pods-IMDBTop.debug.xcconfig"; path = "Target Support Files/Pods-IMDBTop/Pods-IMDBTop.debug.xcconfig"; sourceTree = "<group>"; };
		682762B2506DA8769B046492 /* Pods-IMDBTop.release.xcconfig */ = {isa = PBXFileReference; includeInIndex = 1; lastKnownFileType = text.xcconfig; name = "Pods-IMDBTop.release.xcconfig"; path = "Target Support Files/Pods-IMDBTop/Pods-IMDBTop.release.xcconfig"; sourceTree = "<group>"; };
		8E75FEB836DC79F7A748987C /* Pods-IMDBTopTests.debug.xcconfig */ = {isa = PBXFileReference; includeInIndex = 1; lastKnownFileType = text.xcconfig; name = "Pods-IMDBTopTests.debug.xcconfig"; path = "Target Support Files/Pods-IMDBTopTests/Pods-IMDBTopTests.debug.xcconfig"; sourceTree = "<group>"; };
		9AAC4CF0B36C9EAB104CFB5C /* Pods_IMDBTop.framework */ = {isa = PBXFileReference; explicitFileType = wrapper.framework; includeInIndex = 0; path = Pods_IMDBTop.framework; sourceTree = BUILT_PRODUCTS_DIR; };
		A30F94A1223901360024F105 /* TopListPresenter.swift */ = {isa = PBXFileReference; lastKnownFileType = sourcecode.swift; path = TopListPresenter.swift; sourceTree = "<group>"; };
		A30F94A2223901360024F105 /* TopListRouter.swift */ = {isa = PBXFileReference; lastKnownFileType = sourcecode.swift; path = TopListRouter.swift; sourceTree = "<group>"; };
		A30F94A3223901360024F105 /* TopListModuleAPI.swift */ = {isa = PBXFileReference; lastKnownFileType = sourcecode.swift; path = TopListModuleAPI.swift; sourceTree = "<group>"; };
		A30F94A4223901360024F105 /* TopListViewController.swift */ = {isa = PBXFileReference; lastKnownFileType = sourcecode.swift; path = TopListViewController.swift; sourceTree = "<group>"; };
		A30F94A5223901360024F105 /* TopListAssembly.swift */ = {isa = PBXFileReference; lastKnownFileType = sourcecode.swift; path = TopListAssembly.swift; sourceTree = "<group>"; };
		A30F94A6223901360024F105 /* TopListInteractor.swift */ = {isa = PBXFileReference; lastKnownFileType = sourcecode.swift; path = TopListInteractor.swift; sourceTree = "<group>"; };
		A30F94A7223901360024F105 /* TopListViewController.xib */ = {isa = PBXFileReference; lastKnownFileType = file.xib; path = TopListViewController.xib; sourceTree = "<group>"; };
		A30F94B4223909A60024F105 /* TopListDataSource.swift */ = {isa = PBXFileReference; lastKnownFileType = sourcecode.swift; path = TopListDataSource.swift; sourceTree = "<group>"; };
		A30F94B622390AD10024F105 /* CinemaCell.swift */ = {isa = PBXFileReference; lastKnownFileType = sourcecode.swift; path = CinemaCell.swift; sourceTree = "<group>"; };
		A30F94B722390AD10024F105 /* CinemaCell.xib */ = {isa = PBXFileReference; lastKnownFileType = file.xib; path = CinemaCell.xib; sourceTree = "<group>"; };
		A30F94BB22390E570024F105 /* Movie.swift */ = {isa = PBXFileReference; lastKnownFileType = sourcecode.swift; path = Movie.swift; sourceTree = "<group>"; };
		A30F94C0223916F60024F105 /* MovieAPI.swift */ = {isa = PBXFileReference; lastKnownFileType = sourcecode.swift; path = MovieAPI.swift; sourceTree = "<group>"; };
		A30F94C222391A500024F105 /* MoviesService.swift */ = {isa = PBXFileReference; lastKnownFileType = sourcecode.swift; path = MoviesService.swift; sourceTree = "<group>"; };
		A36F949922394E4A009DBC1C /* TheMoviedbTarget.swift */ = {isa = PBXFileReference; lastKnownFileType = sourcecode.swift; path = TheMoviedbTarget.swift; sourceTree = "<group>"; };
		A36F949B2239518E009DBC1C /* TopRated.swift */ = {isa = PBXFileReference; lastKnownFileType = sourcecode.swift; path = TopRated.swift; sourceTree = "<group>"; };
		A36F949E223974AA009DBC1C /* CommonAPI.swift */ = {isa = PBXFileReference; lastKnownFileType = sourcecode.swift; path = CommonAPI.swift; sourceTree = "<group>"; };
		A37007BE223BEC3B006303F9 /* FavoritesPresenter.swift */ = {isa = PBXFileReference; lastKnownFileType = sourcecode.swift; path = FavoritesPresenter.swift; sourceTree = "<group>"; };
		A37007BF223BEC3B006303F9 /* FavoritesRouter.swift */ = {isa = PBXFileReference; lastKnownFileType = sourcecode.swift; path = FavoritesRouter.swift; sourceTree = "<group>"; };
		A37007C0223BEC3B006303F9 /* FavoritesModuleAPI.swift */ = {isa = PBXFileReference; lastKnownFileType = sourcecode.swift; path = FavoritesModuleAPI.swift; sourceTree = "<group>"; };
		A37007C1223BEC3B006303F9 /* FavoritesViewController.swift */ = {isa = PBXFileReference; lastKnownFileType = sourcecode.swift; path = FavoritesViewController.swift; sourceTree = "<group>"; };
		A37007C2223BEC3B006303F9 /* FavoritesAssembly.swift */ = {isa = PBXFileReference; lastKnownFileType = sourcecode.swift; path = FavoritesAssembly.swift; sourceTree = "<group>"; };
		A37007C3223BEC3B006303F9 /* FavoritesInteractor.swift */ = {isa = PBXFileReference; lastKnownFileType = sourcecode.swift; path = FavoritesInteractor.swift; sourceTree = "<group>"; };
		A37007C4223BEC3B006303F9 /* FavoritesViewController.xib */ = {isa = PBXFileReference; lastKnownFileType = file.xib; path = FavoritesViewController.xib; sourceTree = "<group>"; };
		A37007CE223BEF2C006303F9 /* FavoritesService.swift */ = {isa = PBXFileReference; lastKnownFileType = sourcecode.swift; path = FavoritesService.swift; sourceTree = "<group>"; };
		A37007D0223BF119006303F9 /* Realm+Background.swift */ = {isa = PBXFileReference; lastKnownFileType = sourcecode.swift; path = "Realm+Background.swift"; sourceTree = "<group>"; };
		A37007D2223BF213006303F9 /* RealmModels.swift */ = {isa = PBXFileReference; lastKnownFileType = sourcecode.swift; path = RealmModels.swift; sourceTree = "<group>"; };
		A3B41B1E223A46DF00E7AF37 /* CommonService.swift */ = {isa = PBXFileReference; lastKnownFileType = sourcecode.swift; path = CommonService.swift; sourceTree = "<group>"; };
		A3B41B20223A47AF00E7AF37 /* Configuration.swift */ = {isa = PBXFileReference; lastKnownFileType = sourcecode.swift; path = Configuration.swift; sourceTree = "<group>"; };
		A3B41B22223A4E0900E7AF37 /* UIImageView+Path.swift */ = {isa = PBXFileReference; lastKnownFileType = sourcecode.swift; path = "UIImageView+Path.swift"; sourceTree = "<group>"; };
		A3B41B24223A509900E7AF37 /* ServicesFactory.swift */ = {isa = PBXFileReference; lastKnownFileType = sourcecode.swift; path = ServicesFactory.swift; sourceTree = "<group>"; };
		A3C7D04D2237E9DE00422773 /* IMDBTop.app */ = {isa = PBXFileReference; explicitFileType = wrapper.application; includeInIndex = 0; path = IMDBTop.app; sourceTree = BUILT_PRODUCTS_DIR; };
		A3C7D0502237E9DE00422773 /* AppDelegate.swift */ = {isa = PBXFileReference; lastKnownFileType = sourcecode.swift; path = AppDelegate.swift; sourceTree = "<group>"; };
		A3C7D0522237E9DE00422773 /* ViewController.swift */ = {isa = PBXFileReference; lastKnownFileType = sourcecode.swift; path = ViewController.swift; sourceTree = "<group>"; };
		A3C7D0552237E9DE00422773 /* Base */ = {isa = PBXFileReference; lastKnownFileType = file.storyboard; name = Base; path = Base.lproj/Main.storyboard; sourceTree = "<group>"; };
		A3C7D0572237E9E000422773 /* Assets.xcassets */ = {isa = PBXFileReference; lastKnownFileType = folder.assetcatalog; path = Assets.xcassets; sourceTree = "<group>"; };
		A3C7D05A2237E9E000422773 /* Base */ = {isa = PBXFileReference; lastKnownFileType = file.storyboard; name = Base; path = Base.lproj/LaunchScreen.storyboard; sourceTree = "<group>"; };
		A3C7D05C2237E9E000422773 /* Info.plist */ = {isa = PBXFileReference; lastKnownFileType = text.plist.xml; path = Info.plist; sourceTree = "<group>"; };
		A3C7D0612237E9E000422773 /* IMDBTopTests.xctest */ = {isa = PBXFileReference; explicitFileType = wrapper.cfbundle; includeInIndex = 0; path = IMDBTopTests.xctest; sourceTree = BUILT_PRODUCTS_DIR; };
		A3C7D0652237E9E000422773 /* IMDBTopTests.swift */ = {isa = PBXFileReference; lastKnownFileType = sourcecode.swift; path = IMDBTopTests.swift; sourceTree = "<group>"; };
		A3C7D0672237E9E000422773 /* Info.plist */ = {isa = PBXFileReference; lastKnownFileType = text.plist.xml; path = Info.plist; sourceTree = "<group>"; };
		A3DCCB4E223A376100372453 /* MoviePresenter.swift */ = {isa = PBXFileReference; lastKnownFileType = sourcecode.swift; path = MoviePresenter.swift; sourceTree = "<group>"; };
		A3DCCB4F223A376100372453 /* MovieRouter.swift */ = {isa = PBXFileReference; lastKnownFileType = sourcecode.swift; path = MovieRouter.swift; sourceTree = "<group>"; };
		A3DCCB50223A376100372453 /* MovieModuleAPI.swift */ = {isa = PBXFileReference; lastKnownFileType = sourcecode.swift; path = MovieModuleAPI.swift; sourceTree = "<group>"; };
		A3DCCB51223A376100372453 /* MovieViewController.swift */ = {isa = PBXFileReference; lastKnownFileType = sourcecode.swift; path = MovieViewController.swift; sourceTree = "<group>"; };
		A3DCCB52223A376100372453 /* MovieAssembly.swift */ = {isa = PBXFileReference; lastKnownFileType = sourcecode.swift; path = MovieAssembly.swift; sourceTree = "<group>"; };
		A3DCCB53223A376100372453 /* MovieInteractor.swift */ = {isa = PBXFileReference; lastKnownFileType = sourcecode.swift; path = MovieInteractor.swift; sourceTree = "<group>"; };
		A3DCCB54223A376100372453 /* MovieViewController.xib */ = {isa = PBXFileReference; lastKnownFileType = file.xib; path = MovieViewController.xib; sourceTree = "<group>"; };
		CBD8C51ABEFBB9AEB0D3BC77 /* Pods-IMDBTopTests.release.xcconfig */ = {isa = PBXFileReference; includeInIndex = 1; lastKnownFileType = text.xcconfig; name = "Pods-IMDBTopTests.release.xcconfig"; path = "Target Support Files/Pods-IMDBTopTests/Pods-IMDBTopTests.release.xcconfig"; sourceTree = "<group>"; };
		D7D4A2DEE5B069E7126046B7 /* Pods_IMDBTopTests.framework */ = {isa = PBXFileReference; explicitFileType = wrapper.framework; includeInIndex = 0; path = Pods_IMDBTopTests.framework; sourceTree = BUILT_PRODUCTS_DIR; };
/* End PBXFileReference section */

/* Begin PBXFrameworksBuildPhase section */
		A3C7D04A2237E9DE00422773 /* Frameworks */ = {
			isa = PBXFrameworksBuildPhase;
			buildActionMask = 2147483647;
			files = (
				44C08371AF295E63029331EC /* Pods_IMDBTop.framework in Frameworks */,
			);
			runOnlyForDeploymentPostprocessing = 0;
		};
		A3C7D05E2237E9E000422773 /* Frameworks */ = {
			isa = PBXFrameworksBuildPhase;
			buildActionMask = 2147483647;
			files = (
				B045382C1B833428E48810FB /* Pods_IMDBTopTests.framework in Frameworks */,
			);
			runOnlyForDeploymentPostprocessing = 0;
		};
/* End PBXFrameworksBuildPhase section */

/* Begin PBXGroup section */
		2AB65CEAE074E7A0877DF652 /* Pods */ = {
			isa = PBXGroup;
			children = (
				51BB3D6587AEEC4768CFCFC5 /* Pods-IMDBTop.debug.xcconfig */,
				682762B2506DA8769B046492 /* Pods-IMDBTop.release.xcconfig */,
				8E75FEB836DC79F7A748987C /* Pods-IMDBTopTests.debug.xcconfig */,
				CBD8C51ABEFBB9AEB0D3BC77 /* Pods-IMDBTopTests.release.xcconfig */,
			);
			path = Pods;
			sourceTree = "<group>";
		};
		A30F94A0223901180024F105 /* TopList */ = {
			isa = PBXGroup;
			children = (
				A30F94AF223909570024F105 /* Cells */,
				A30F94A3223901360024F105 /* TopListModuleAPI.swift */,
				A30F94A7223901360024F105 /* TopListViewController.xib */,
				A30F94A4223901360024F105 /* TopListViewController.swift */,
				A30F94A1223901360024F105 /* TopListPresenter.swift */,
				A30F94A6223901360024F105 /* TopListInteractor.swift */,
				A30F94A2223901360024F105 /* TopListRouter.swift */,
				A30F94A5223901360024F105 /* TopListAssembly.swift */,
				A30F94B4223909A60024F105 /* TopListDataSource.swift */,
			);
			path = TopList;
			sourceTree = "<group>";
		};
		A30F94AF223909570024F105 /* Cells */ = {
			isa = PBXGroup;
			children = (
				A30F94B622390AD10024F105 /* CinemaCell.swift */,
				A30F94B722390AD10024F105 /* CinemaCell.xib */,
			);
			path = Cells;
			sourceTree = "<group>";
		};
		A30F94BA22390E460024F105 /* Models */ = {
			isa = PBXGroup;
			children = (
				A30F94BB22390E570024F105 /* Movie.swift */,
				A36F949B2239518E009DBC1C /* TopRated.swift */,
				A3B41B20223A47AF00E7AF37 /* Configuration.swift */,
				A37007D2223BF213006303F9 /* RealmModels.swift */,
			);
			path = Models;
			sourceTree = "<group>";
		};
		A30F94BE223915D60024F105 /* Services */ = {
			isa = PBXGroup;
			children = (
				A30F94C222391A500024F105 /* MoviesService.swift */,
				A3B41B1E223A46DF00E7AF37 /* CommonService.swift */,
				A3B41B24223A509900E7AF37 /* ServicesFactory.swift */,
				A37007CE223BEF2C006303F9 /* FavoritesService.swift */,
			);
			path = Services;
			sourceTree = "<group>";
		};
		A30F94BF223915EC0024F105 /* API */ = {
			isa = PBXGroup;
			children = (
				A36F949922394E4A009DBC1C /* TheMoviedbTarget.swift */,
				A30F94C0223916F60024F105 /* MovieAPI.swift */,
				A36F949E223974AA009DBC1C /* CommonAPI.swift */,
			);
			path = API;
			sourceTree = "<group>";
		};
		A36F949D223953E7009DBC1C /* Modules */ = {
			isa = PBXGroup;
			children = (
				A3DCCB4D223A373A00372453 /* Favorites */,
				A3DCCB4C223A372D00372453 /* Movie */,
				A30F94A0223901180024F105 /* TopList */,
			);
			path = Modules;
			sourceTree = "<group>";
		};
		A3B41B1D223A46A900E7AF37 /* Extensions */ = {
			isa = PBXGroup;
			children = (
				A3B41B22223A4E0900E7AF37 /* UIImageView+Path.swift */,
				A37007D0223BF119006303F9 /* Realm+Background.swift */,
			);
			path = Extensions;
			sourceTree = "<group>";
		};
		A3C7D0442237E9DE00422773 = {
			isa = PBXGroup;
			children = (
				A3C7D04F2237E9DE00422773 /* IMDBTop */,
				A3C7D0642237E9E000422773 /* IMDBTopTests */,
				A3C7D04E2237E9DE00422773 /* Products */,
				2AB65CEAE074E7A0877DF652 /* Pods */,
				CDE35895B06E22824755D0CF /* Frameworks */,
			);
			sourceTree = "<group>";
		};
		A3C7D04E2237E9DE00422773 /* Products */ = {
			isa = PBXGroup;
			children = (
				A3C7D04D2237E9DE00422773 /* IMDBTop.app */,
				A3C7D0612237E9E000422773 /* IMDBTopTests.xctest */,
			);
			name = Products;
			sourceTree = "<group>";
		};
		A3C7D04F2237E9DE00422773 /* IMDBTop */ = {
			isa = PBXGroup;
			children = (
				A36F949D223953E7009DBC1C /* Modules */,
				A30F94BF223915EC0024F105 /* API */,
				A30F94BE223915D60024F105 /* Services */,
				A30F94BA22390E460024F105 /* Models */,
				A3B41B1D223A46A900E7AF37 /* Extensions */,
				A3C7D0502237E9DE00422773 /* AppDelegate.swift */,
				A3C7D0522237E9DE00422773 /* ViewController.swift */,
				A3C7D0542237E9DE00422773 /* Main.storyboard */,
				A3C7D0572237E9E000422773 /* Assets.xcassets */,
				A3C7D0592237E9E000422773 /* LaunchScreen.storyboard */,
				A3C7D05C2237E9E000422773 /* Info.plist */,
			);
			path = IMDBTop;
			sourceTree = "<group>";
		};
		A3C7D0642237E9E000422773 /* IMDBTopTests */ = {
			isa = PBXGroup;
			children = (
				A3C7D0652237E9E000422773 /* IMDBTopTests.swift */,
				A3C7D0672237E9E000422773 /* Info.plist */,
			);
			path = IMDBTopTests;
			sourceTree = "<group>";
		};
		A3DCCB4C223A372D00372453 /* Movie */ = {
			isa = PBXGroup;
			children = (
				A3DCCB50223A376100372453 /* MovieModuleAPI.swift */,
				A3DCCB54223A376100372453 /* MovieViewController.xib */,
				A3DCCB51223A376100372453 /* MovieViewController.swift */,
				A3DCCB4E223A376100372453 /* MoviePresenter.swift */,
				A3DCCB53223A376100372453 /* MovieInteractor.swift */,
				A3DCCB4F223A376100372453 /* MovieRouter.swift */,
				A3DCCB52223A376100372453 /* MovieAssembly.swift */,
			);
			path = Movie;
			sourceTree = "<group>";
		};
		A3DCCB4D223A373A00372453 /* Favorites */ = {
			isa = PBXGroup;
			children = (
				A37007C0223BEC3B006303F9 /* FavoritesModuleAPI.swift */,
				A37007C4223BEC3B006303F9 /* FavoritesViewController.xib */,
				A37007C1223BEC3B006303F9 /* FavoritesViewController.swift */,
				A37007BE223BEC3B006303F9 /* FavoritesPresenter.swift */,
				A37007C3223BEC3B006303F9 /* FavoritesInteractor.swift */,
				A37007BF223BEC3B006303F9 /* FavoritesRouter.swift */,
				A37007C2223BEC3B006303F9 /* FavoritesAssembly.swift */,
			);
			path = Favorites;
			sourceTree = "<group>";
		};
		CDE35895B06E22824755D0CF /* Frameworks */ = {
			isa = PBXGroup;
			children = (
				9AAC4CF0B36C9EAB104CFB5C /* Pods_IMDBTop.framework */,
				D7D4A2DEE5B069E7126046B7 /* Pods_IMDBTopTests.framework */,
			);
			name = Frameworks;
			sourceTree = "<group>";
		};
/* End PBXGroup section */

/* Begin PBXNativeTarget section */
		A3C7D04C2237E9DE00422773 /* IMDBTop */ = {
			isa = PBXNativeTarget;
			buildConfigurationList = A3C7D06A2237E9E000422773 /* Build configuration list for PBXNativeTarget "IMDBTop" */;
			buildPhases = (
				AEBC334DA393D4773AD75C2C /* [CP] Check Pods Manifest.lock */,
				A3C7D0492237E9DE00422773 /* Sources */,
				A3C7D04A2237E9DE00422773 /* Frameworks */,
				A3C7D04B2237E9DE00422773 /* Resources */,
				C279E7D4656A39AEB8FA8AFF /* [CP] Embed Pods Frameworks */,
			);
			buildRules = (
			);
			dependencies = (
			);
			name = IMDBTop;
			productName = IMDBTop;
			productReference = A3C7D04D2237E9DE00422773 /* IMDBTop.app */;
			productType = "com.apple.product-type.application";
		};
		A3C7D0602237E9E000422773 /* IMDBTopTests */ = {
			isa = PBXNativeTarget;
			buildConfigurationList = A3C7D06D2237E9E000422773 /* Build configuration list for PBXNativeTarget "IMDBTopTests" */;
			buildPhases = (
				CD6A68E12A366AFC9504C2F5 /* [CP] Check Pods Manifest.lock */,
				A3C7D05D2237E9E000422773 /* Sources */,
				A3C7D05E2237E9E000422773 /* Frameworks */,
				A3C7D05F2237E9E000422773 /* Resources */,
				C7B9DFE21284CF5DEC906744 /* [CP] Embed Pods Frameworks */,
			);
			buildRules = (
			);
			dependencies = (
				A3C7D0632237E9E000422773 /* PBXTargetDependency */,
			);
			name = IMDBTopTests;
			productName = IMDBTopTests;
			productReference = A3C7D0612237E9E000422773 /* IMDBTopTests.xctest */;
			productType = "com.apple.product-type.bundle.unit-test";
		};
/* End PBXNativeTarget section */

/* Begin PBXProject section */
		A3C7D0452237E9DE00422773 /* Project object */ = {
			isa = PBXProject;
			attributes = {
				LastSwiftUpdateCheck = 1010;
				LastUpgradeCheck = 1010;
				ORGANIZATIONNAME = "Nikita Moiseev";
				TargetAttributes = {
					A3C7D04C2237E9DE00422773 = {
						CreatedOnToolsVersion = 10.1;
					};
					A3C7D0602237E9E000422773 = {
						CreatedOnToolsVersion = 10.1;
						TestTargetID = A3C7D04C2237E9DE00422773;
					};
				};
			};
			buildConfigurationList = A3C7D0482237E9DE00422773 /* Build configuration list for PBXProject "IMDBTop" */;
			compatibilityVersion = "Xcode 9.3";
			developmentRegion = en;
			hasScannedForEncodings = 0;
			knownRegions = (
				en,
				Base,
			);
			mainGroup = A3C7D0442237E9DE00422773;
			productRefGroup = A3C7D04E2237E9DE00422773 /* Products */;
			projectDirPath = "";
			projectRoot = "";
			targets = (
				A3C7D04C2237E9DE00422773 /* IMDBTop */,
				A3C7D0602237E9E000422773 /* IMDBTopTests */,
			);
		};
/* End PBXProject section */

/* Begin PBXResourcesBuildPhase section */
		A3C7D04B2237E9DE00422773 /* Resources */ = {
			isa = PBXResourcesBuildPhase;
			buildActionMask = 2147483647;
			files = (
				A30F94B922390AD10024F105 /* CinemaCell.xib in Resources */,
				A30F94AE223901360024F105 /* TopListViewController.xib in Resources */,
				A3C7D05B2237E9E000422773 /* LaunchScreen.storyboard in Resources */,
				A3DCCB5B223A376100372453 /* MovieViewController.xib in Resources */,
				A37007CB223BEC3B006303F9 /* FavoritesViewController.xib in Resources */,
				A3C7D0582237E9E000422773 /* Assets.xcassets in Resources */,
				A3C7D0562237E9DE00422773 /* Main.storyboard in Resources */,
			);
			runOnlyForDeploymentPostprocessing = 0;
		};
		A3C7D05F2237E9E000422773 /* Resources */ = {
			isa = PBXResourcesBuildPhase;
			buildActionMask = 2147483647;
			files = (
			);
			runOnlyForDeploymentPostprocessing = 0;
		};
/* End PBXResourcesBuildPhase section */

/* Begin PBXShellScriptBuildPhase section */
		AEBC334DA393D4773AD75C2C /* [CP] Check Pods Manifest.lock */ = {
			isa = PBXShellScriptBuildPhase;
			buildActionMask = 2147483647;
			files = (
			);
			inputFileListPaths = (
			);
			inputPaths = (
				"${PODS_PODFILE_DIR_PATH}/Podfile.lock",
				"${PODS_ROOT}/Manifest.lock",
			);
			name = "[CP] Check Pods Manifest.lock";
			outputFileListPaths = (
			);
			outputPaths = (
				"$(DERIVED_FILE_DIR)/Pods-IMDBTop-checkManifestLockResult.txt",
			);
			runOnlyForDeploymentPostprocessing = 0;
			shellPath = /bin/sh;
			shellScript = "diff \"${PODS_PODFILE_DIR_PATH}/Podfile.lock\" \"${PODS_ROOT}/Manifest.lock\" > /dev/null\nif [ $? != 0 ] ; then\n    # print error to STDERR\n    echo \"error: The sandbox is not in sync with the Podfile.lock. Run 'pod install' or update your CocoaPods installation.\" >&2\n    exit 1\nfi\n# This output is used by Xcode 'outputs' to avoid re-running this script phase.\necho \"SUCCESS\" > \"${SCRIPT_OUTPUT_FILE_0}\"\n";
			showEnvVarsInLog = 0;
		};
		C279E7D4656A39AEB8FA8AFF /* [CP] Embed Pods Frameworks */ = {
			isa = PBXShellScriptBuildPhase;
			buildActionMask = 2147483647;
			files = (
			);
			inputFileListPaths = (
			);
			inputPaths = (
				"${PODS_ROOT}/Target Support Files/Pods-IMDBTop/Pods-IMDBTop-frameworks.sh",
				"${BUILT_PRODUCTS_DIR}/Alamofire/Alamofire.framework",
				"${BUILT_PRODUCTS_DIR}/AlamofireImage/AlamofireImage.framework",
				"${BUILT_PRODUCTS_DIR}/Moya/Moya.framework",
				"${BUILT_PRODUCTS_DIR}/Realm/Realm.framework",
				"${BUILT_PRODUCTS_DIR}/RealmSwift/RealmSwift.framework",
				"${BUILT_PRODUCTS_DIR}/Result/Result.framework",
				"${BUILT_PRODUCTS_DIR}/RxAtomic/RxAtomic.framework",
				"${BUILT_PRODUCTS_DIR}/RxCocoa/RxCocoa.framework",
				"${BUILT_PRODUCTS_DIR}/RxRealm/RxRealm.framework",
				"${BUILT_PRODUCTS_DIR}/RxSwift/RxSwift.framework",
			);
			name = "[CP] Embed Pods Frameworks";
			outputFileListPaths = (
			);
			outputPaths = (
				"${TARGET_BUILD_DIR}/${FRAMEWORKS_FOLDER_PATH}/Alamofire.framework",
				"${TARGET_BUILD_DIR}/${FRAMEWORKS_FOLDER_PATH}/AlamofireImage.framework",
				"${TARGET_BUILD_DIR}/${FRAMEWORKS_FOLDER_PATH}/Moya.framework",
				"${TARGET_BUILD_DIR}/${FRAMEWORKS_FOLDER_PATH}/Realm.framework",
				"${TARGET_BUILD_DIR}/${FRAMEWORKS_FOLDER_PATH}/RealmSwift.framework",
				"${TARGET_BUILD_DIR}/${FRAMEWORKS_FOLDER_PATH}/Result.framework",
				"${TARGET_BUILD_DIR}/${FRAMEWORKS_FOLDER_PATH}/RxAtomic.framework",
				"${TARGET_BUILD_DIR}/${FRAMEWORKS_FOLDER_PATH}/RxCocoa.framework",
				"${TARGET_BUILD_DIR}/${FRAMEWORKS_FOLDER_PATH}/RxRealm.framework",
				"${TARGET_BUILD_DIR}/${FRAMEWORKS_FOLDER_PATH}/RxSwift.framework",
			);
			runOnlyForDeploymentPostprocessing = 0;
			shellPath = /bin/sh;
			shellScript = "\"${PODS_ROOT}/Target Support Files/Pods-IMDBTop/Pods-IMDBTop-frameworks.sh\"\n";
			showEnvVarsInLog = 0;
		};
		C7B9DFE21284CF5DEC906744 /* [CP] Embed Pods Frameworks */ = {
			isa = PBXShellScriptBuildPhase;
			buildActionMask = 2147483647;
			files = (
			);
			inputFileListPaths = (
			);
			inputPaths = (
				"${PODS_ROOT}/Target Support Files/Pods-IMDBTopTests/Pods-IMDBTopTests-frameworks.sh",
				"${BUILT_PRODUCTS_DIR}/RxAtomic/RxAtomic.framework",
				"${BUILT_PRODUCTS_DIR}/RxSwift/RxSwift.framework",
				"${BUILT_PRODUCTS_DIR}/RxBlocking/RxBlocking.framework",
				"${BUILT_PRODUCTS_DIR}/RxTest/RxTest.framework",
			);
			name = "[CP] Embed Pods Frameworks";
			outputFileListPaths = (
			);
			outputPaths = (
				"${TARGET_BUILD_DIR}/${FRAMEWORKS_FOLDER_PATH}/RxAtomic.framework",
				"${TARGET_BUILD_DIR}/${FRAMEWORKS_FOLDER_PATH}/RxSwift.framework",
				"${TARGET_BUILD_DIR}/${FRAMEWORKS_FOLDER_PATH}/RxBlocking.framework",
				"${TARGET_BUILD_DIR}/${FRAMEWORKS_FOLDER_PATH}/RxTest.framework",
			);
			runOnlyForDeploymentPostprocessing = 0;
			shellPath = /bin/sh;
			shellScript = "\"${PODS_ROOT}/Target Support Files/Pods-IMDBTopTests/Pods-IMDBTopTests-frameworks.sh\"\n";
			showEnvVarsInLog = 0;
		};
		CD6A68E12A366AFC9504C2F5 /* [CP] Check Pods Manifest.lock */ = {
			isa = PBXShellScriptBuildPhase;
			buildActionMask = 2147483647;
			files = (
			);
			inputFileListPaths = (
			);
			inputPaths = (
				"${PODS_PODFILE_DIR_PATH}/Podfile.lock",
				"${PODS_ROOT}/Manifest.lock",
			);
			name = "[CP] Check Pods Manifest.lock";
			outputFileListPaths = (
			);
			outputPaths = (
				"$(DERIVED_FILE_DIR)/Pods-IMDBTopTests-checkManifestLockResult.txt",
			);
			runOnlyForDeploymentPostprocessing = 0;
			shellPath = /bin/sh;
			shellScript = "diff \"${PODS_PODFILE_DIR_PATH}/Podfile.lock\" \"${PODS_ROOT}/Manifest.lock\" > /dev/null\nif [ $? != 0 ] ; then\n    # print error to STDERR\n    echo \"error: The sandbox is not in sync with the Podfile.lock. Run 'pod install' or update your CocoaPods installation.\" >&2\n    exit 1\nfi\n# This output is used by Xcode 'outputs' to avoid re-running this script phase.\necho \"SUCCESS\" > \"${SCRIPT_OUTPUT_FILE_0}\"\n";
			showEnvVarsInLog = 0;
		};
/* End PBXShellScriptBuildPhase section */

/* Begin PBXSourcesBuildPhase section */
		A3C7D0492237E9DE00422773 /* Sources */ = {
			isa = PBXSourcesBuildPhase;
			buildActionMask = 2147483647;
			files = (
				A30F94AB223901360024F105 /* TopListViewController.swift in Sources */,
				A36F949A22394E4A009DBC1C /* TheMoviedbTarget.swift in Sources */,
				A37007D1223BF119006303F9 /* Realm+Background.swift in Sources */,
				A37007CA223BEC3B006303F9 /* FavoritesInteractor.swift in Sources */,
				A3C7D0532237E9DE00422773 /* ViewController.swift in Sources */,
				A3DCCB5A223A376100372453 /* MovieInteractor.swift in Sources */,
				A37007CF223BEF2C006303F9 /* FavoritesService.swift in Sources */,
				A30F94B822390AD10024F105 /* CinemaCell.swift in Sources */,
				A3B41B23223A4E0900E7AF37 /* UIImageView+Path.swift in Sources */,
				A3B41B25223A509900E7AF37 /* ServicesFactory.swift in Sources */,
				A30F94C1223916F60024F105 /* MovieAPI.swift in Sources */,
				A37007C6223BEC3B006303F9 /* FavoritesRouter.swift in Sources */,
				A3B41B21223A47AF00E7AF37 /* Configuration.swift in Sources */,
				A3DCCB56223A376100372453 /* MovieRouter.swift in Sources */,
				A30F94B5223909A60024F105 /* TopListDataSource.swift in Sources */,
				A3C7D0512237E9DE00422773 /* AppDelegate.swift in Sources */,
				A37007C7223BEC3B006303F9 /* FavoritesModuleAPI.swift in Sources */,
				A30F94BC22390E570024F105 /* Movie.swift in Sources */,
				A36F949C2239518E009DBC1C /* TopRated.swift in Sources */,
				A30F94A9223901360024F105 /* TopListRouter.swift in Sources */,
				A3DCCB58223A376100372453 /* MovieViewController.swift in Sources */,
				A30F94AD223901360024F105 /* TopListInteractor.swift in Sources */,
				A30F94AA223901360024F105 /* TopListModuleAPI.swift in Sources */,
				A30F94C322391A500024F105 /* MoviesService.swift in Sources */,
				A37007D3223BF213006303F9 /* RealmModels.swift in Sources */,
				A36F949F223974AA009DBC1C /* CommonAPI.swift in Sources */,
				A30F94AC223901360024F105 /* TopListAssembly.swift in Sources */,
				A3B41B1F223A46DF00E7AF37 /* CommonService.swift in Sources */,
				A3DCCB55223A376100372453 /* MoviePresenter.swift in Sources */,
				A37007C5223BEC3B006303F9 /* FavoritesPresenter.swift in Sources */,
				A30F94A8223901360024F105 /* TopListPresenter.swift in Sources */,
				A37007C9223BEC3B006303F9 /* FavoritesAssembly.swift in Sources */,
				A3DCCB57223A376100372453 /* MovieModuleAPI.swift in Sources */,
				A37007C8223BEC3B006303F9 /* FavoritesViewController.swift in Sources */,
				A3DCCB59223A376100372453 /* MovieAssembly.swift in Sources */,
			);
			runOnlyForDeploymentPostprocessing = 0;
		};
		A3C7D05D2237E9E000422773 /* Sources */ = {
			isa = PBXSourcesBuildPhase;
			buildActionMask = 2147483647;
			files = (
				A3C7D0662237E9E000422773 /* IMDBTopTests.swift in Sources */,
			);
			runOnlyForDeploymentPostprocessing = 0;
		};
/* End PBXSourcesBuildPhase section */

/* Begin PBXTargetDependency section */
		A3C7D0632237E9E000422773 /* PBXTargetDependency */ = {
			isa = PBXTargetDependency;
			target = A3C7D04C2237E9DE00422773 /* IMDBTop */;
			targetProxy = A3C7D0622237E9E000422773 /* PBXContainerItemProxy */;
		};
/* End PBXTargetDependency section */

/* Begin PBXVariantGroup section */
		A3C7D0542237E9DE00422773 /* Main.storyboard */ = {
			isa = PBXVariantGroup;
			children = (
				A3C7D0552237E9DE00422773 /* Base */,
			);
			name = Main.storyboard;
			sourceTree = "<group>";
		};
		A3C7D0592237E9E000422773 /* LaunchScreen.storyboard */ = {
			isa = PBXVariantGroup;
			children = (
				A3C7D05A2237E9E000422773 /* Base */,
			);
			name = LaunchScreen.storyboard;
			sourceTree = "<group>";
		};
/* End PBXVariantGroup section */

/* Begin XCBuildConfiguration section */
		A3C7D0682237E9E000422773 /* Debug */ = {
			isa = XCBuildConfiguration;
			buildSettings = {
				ALWAYS_SEARCH_USER_PATHS = NO;
				CLANG_ANALYZER_NONNULL = YES;
				CLANG_ANALYZER_NUMBER_OBJECT_CONVERSION = YES_AGGRESSIVE;
				CLANG_CXX_LANGUAGE_STANDARD = "gnu++14";
				CLANG_CXX_LIBRARY = "libc++";
				CLANG_ENABLE_MODULES = YES;
				CLANG_ENABLE_OBJC_ARC = YES;
				CLANG_ENABLE_OBJC_WEAK = YES;
				CLANG_WARN_BLOCK_CAPTURE_AUTORELEASING = YES;
				CLANG_WARN_BOOL_CONVERSION = YES;
				CLANG_WARN_COMMA = YES;
				CLANG_WARN_CONSTANT_CONVERSION = YES;
				CLANG_WARN_DEPRECATED_OBJC_IMPLEMENTATIONS = YES;
				CLANG_WARN_DIRECT_OBJC_ISA_USAGE = YES_ERROR;
				CLANG_WARN_DOCUMENTATION_COMMENTS = YES;
				CLANG_WARN_EMPTY_BODY = YES;
				CLANG_WARN_ENUM_CONVERSION = YES;
				CLANG_WARN_INFINITE_RECURSION = YES;
				CLANG_WARN_INT_CONVERSION = YES;
				CLANG_WARN_NON_LITERAL_NULL_CONVERSION = YES;
				CLANG_WARN_OBJC_IMPLICIT_RETAIN_SELF = YES;
				CLANG_WARN_OBJC_LITERAL_CONVERSION = YES;
				CLANG_WARN_OBJC_ROOT_CLASS = YES_ERROR;
				CLANG_WARN_RANGE_LOOP_ANALYSIS = YES;
				CLANG_WARN_STRICT_PROTOTYPES = YES;
				CLANG_WARN_SUSPICIOUS_MOVE = YES;
				CLANG_WARN_UNGUARDED_AVAILABILITY = YES_AGGRESSIVE;
				CLANG_WARN_UNREACHABLE_CODE = YES;
				CLANG_WARN__DUPLICATE_METHOD_MATCH = YES;
				CODE_SIGN_IDENTITY = "iPhone Developer";
				COPY_PHASE_STRIP = NO;
				DEBUG_INFORMATION_FORMAT = dwarf;
				ENABLE_STRICT_OBJC_MSGSEND = YES;
				ENABLE_TESTABILITY = YES;
				GCC_C_LANGUAGE_STANDARD = gnu11;
				GCC_DYNAMIC_NO_PIC = NO;
				GCC_NO_COMMON_BLOCKS = YES;
				GCC_OPTIMIZATION_LEVEL = 0;
				GCC_PREPROCESSOR_DEFINITIONS = (
					"DEBUG=1",
					"$(inherited)",
				);
				GCC_WARN_64_TO_32_BIT_CONVERSION = YES;
				GCC_WARN_ABOUT_RETURN_TYPE = YES_ERROR;
				GCC_WARN_UNDECLARED_SELECTOR = YES;
				GCC_WARN_UNINITIALIZED_AUTOS = YES_AGGRESSIVE;
				GCC_WARN_UNUSED_FUNCTION = YES;
				GCC_WARN_UNUSED_VARIABLE = YES;
				IPHONEOS_DEPLOYMENT_TARGET = 12.1;
				MTL_ENABLE_DEBUG_INFO = INCLUDE_SOURCE;
				MTL_FAST_MATH = YES;
				ONLY_ACTIVE_ARCH = YES;
				SDKROOT = iphoneos;
				SWIFT_ACTIVE_COMPILATION_CONDITIONS = DEBUG;
				SWIFT_OPTIMIZATION_LEVEL = "-Onone";
			};
			name = Debug;
		};
		A3C7D0692237E9E000422773 /* Release */ = {
			isa = XCBuildConfiguration;
			buildSettings = {
				ALWAYS_SEARCH_USER_PATHS = NO;
				CLANG_ANALYZER_NONNULL = YES;
				CLANG_ANALYZER_NUMBER_OBJECT_CONVERSION = YES_AGGRESSIVE;
				CLANG_CXX_LANGUAGE_STANDARD = "gnu++14";
				CLANG_CXX_LIBRARY = "libc++";
				CLANG_ENABLE_MODULES = YES;
				CLANG_ENABLE_OBJC_ARC = YES;
				CLANG_ENABLE_OBJC_WEAK = YES;
				CLANG_WARN_BLOCK_CAPTURE_AUTORELEASING = YES;
				CLANG_WARN_BOOL_CONVERSION = YES;
				CLANG_WARN_COMMA = YES;
				CLANG_WARN_CONSTANT_CONVERSION = YES;
				CLANG_WARN_DEPRECATED_OBJC_IMPLEMENTATIONS = YES;
				CLANG_WARN_DIRECT_OBJC_ISA_USAGE = YES_ERROR;
				CLANG_WARN_DOCUMENTATION_COMMENTS = YES;
				CLANG_WARN_EMPTY_BODY = YES;
				CLANG_WARN_ENUM_CONVERSION = YES;
				CLANG_WARN_INFINITE_RECURSION = YES;
				CLANG_WARN_INT_CONVERSION = YES;
				CLANG_WARN_NON_LITERAL_NULL_CONVERSION = YES;
				CLANG_WARN_OBJC_IMPLICIT_RETAIN_SELF = YES;
				CLANG_WARN_OBJC_LITERAL_CONVERSION = YES;
				CLANG_WARN_OBJC_ROOT_CLASS = YES_ERROR;
				CLANG_WARN_RANGE_LOOP_ANALYSIS = YES;
				CLANG_WARN_STRICT_PROTOTYPES = YES;
				CLANG_WARN_SUSPICIOUS_MOVE = YES;
				CLANG_WARN_UNGUARDED_AVAILABILITY = YES_AGGRESSIVE;
				CLANG_WARN_UNREACHABLE_CODE = YES;
				CLANG_WARN__DUPLICATE_METHOD_MATCH = YES;
				CODE_SIGN_IDENTITY = "iPhone Developer";
				COPY_PHASE_STRIP = NO;
				DEBUG_INFORMATION_FORMAT = "dwarf-with-dsym";
				ENABLE_NS_ASSERTIONS = NO;
				ENABLE_STRICT_OBJC_MSGSEND = YES;
				GCC_C_LANGUAGE_STANDARD = gnu11;
				GCC_NO_COMMON_BLOCKS = YES;
				GCC_WARN_64_TO_32_BIT_CONVERSION = YES;
				GCC_WARN_ABOUT_RETURN_TYPE = YES_ERROR;
				GCC_WARN_UNDECLARED_SELECTOR = YES;
				GCC_WARN_UNINITIALIZED_AUTOS = YES_AGGRESSIVE;
				GCC_WARN_UNUSED_FUNCTION = YES;
				GCC_WARN_UNUSED_VARIABLE = YES;
				IPHONEOS_DEPLOYMENT_TARGET = 12.1;
				MTL_ENABLE_DEBUG_INFO = NO;
				MTL_FAST_MATH = YES;
				SDKROOT = iphoneos;
				SWIFT_COMPILATION_MODE = wholemodule;
				SWIFT_OPTIMIZATION_LEVEL = "-O";
				VALIDATE_PRODUCT = YES;
			};
			name = Release;
		};
		A3C7D06B2237E9E000422773 /* Debug */ = {
			isa = XCBuildConfiguration;
			baseConfigurationReference = 51BB3D6587AEEC4768CFCFC5 /* Pods-IMDBTop.debug.xcconfig */;
			buildSettings = {
				ASSETCATALOG_COMPILER_APPICON_NAME = AppIcon;
				CODE_SIGN_STYLE = Automatic;
				DEVELOPMENT_TEAM = V99Y2FQ5P5;
				INFOPLIST_FILE = IMDBTop/Info.plist;
				LD_RUNPATH_SEARCH_PATHS = (
					"$(inherited)",
					"@executable_path/Frameworks",
				);
				PRODUCT_BUNDLE_IDENTIFIER = com.nikitamoiseev.IMDBTop;
				PRODUCT_NAME = "$(TARGET_NAME)";
				SWIFT_VERSION = 4.2;
				TARGETED_DEVICE_FAMILY = "1,2";
			};
			name = Debug;
		};
		A3C7D06C2237E9E000422773 /* Release */ = {
			isa = XCBuildConfiguration;
			baseConfigurationReference = 682762B2506DA8769B046492 /* Pods-IMDBTop.release.xcconfig */;
			buildSettings = {
				ASSETCATALOG_COMPILER_APPICON_NAME = AppIcon;
				CODE_SIGN_STYLE = Automatic;
				DEVELOPMENT_TEAM = V99Y2FQ5P5;
				INFOPLIST_FILE = IMDBTop/Info.plist;
				LD_RUNPATH_SEARCH_PATHS = (
					"$(inherited)",
					"@executable_path/Frameworks",
				);
				PRODUCT_BUNDLE_IDENTIFIER = com.nikitamoiseev.IMDBTop;
				PRODUCT_NAME = "$(TARGET_NAME)";
				SWIFT_VERSION = 4.2;
				TARGETED_DEVICE_FAMILY = "1,2";
			};
			name = Release;
		};
		A3C7D06E2237E9E000422773 /* Debug */ = {
			isa = XCBuildConfiguration;
			baseConfigurationReference = 8E75FEB836DC79F7A748987C /* Pods-IMDBTopTests.debug.xcconfig */;
			buildSettings = {
				BUNDLE_LOADER = "$(TEST_HOST)";
				CODE_SIGN_STYLE = Automatic;
				INFOPLIST_FILE = IMDBTopTests/Info.plist;
				LD_RUNPATH_SEARCH_PATHS = (
					"$(inherited)",
					"@executable_path/Frameworks",
					"@loader_path/Frameworks",
				);
				PRODUCT_BUNDLE_IDENTIFIER = com.nikitamoiseev.IMDBTopTests;
				PRODUCT_NAME = "$(TARGET_NAME)";
				SWIFT_VERSION = 4.2;
				TARGETED_DEVICE_FAMILY = "1,2";
				TEST_HOST = "$(BUILT_PRODUCTS_DIR)/IMDBTop.app/IMDBTop";
			};
			name = Debug;
		};
		A3C7D06F2237E9E000422773 /* Release */ = {
			isa = XCBuildConfiguration;
			baseConfigurationReference = CBD8C51ABEFBB9AEB0D3BC77 /* Pods-IMDBTopTests.release.xcconfig */;
			buildSettings = {
				BUNDLE_LOADER = "$(TEST_HOST)";
				CODE_SIGN_STYLE = Automatic;
				INFOPLIST_FILE = IMDBTopTests/Info.plist;
				LD_RUNPATH_SEARCH_PATHS = (
					"$(inherited)",
					"@executable_path/Frameworks",
					"@loader_path/Frameworks",
				);
				PRODUCT_BUNDLE_IDENTIFIER = com.nikitamoiseev.IMDBTopTests;
				PRODUCT_NAME = "$(TARGET_NAME)";
				SWIFT_VERSION = 4.2;
				TARGETED_DEVICE_FAMILY = "1,2";
				TEST_HOST = "$(BUILT_PRODUCTS_DIR)/IMDBTop.app/IMDBTop";
			};
			name = Release;
		};
/* End XCBuildConfiguration section */

/* Begin XCConfigurationList section */
		A3C7D0482237E9DE00422773 /* Build configuration list for PBXProject "IMDBTop" */ = {
			isa = XCConfigurationList;
			buildConfigurations = (
				A3C7D0682237E9E000422773 /* Debug */,
				A3C7D0692237E9E000422773 /* Release */,
			);
			defaultConfigurationIsVisible = 0;
			defaultConfigurationName = Release;
		};
		A3C7D06A2237E9E000422773 /* Build configuration list for PBXNativeTarget "IMDBTop" */ = {
			isa = XCConfigurationList;
			buildConfigurations = (
				A3C7D06B2237E9E000422773 /* Debug */,
				A3C7D06C2237E9E000422773 /* Release */,
			);
			defaultConfigurationIsVisible = 0;
			defaultConfigurationName = Release;
		};
		A3C7D06D2237E9E000422773 /* Build configuration list for PBXNativeTarget "IMDBTopTests" */ = {
			isa = XCConfigurationList;
			buildConfigurations = (
				A3C7D06E2237E9E000422773 /* Debug */,
				A3C7D06F2237E9E000422773 /* Release */,
			);
			defaultConfigurationIsVisible = 0;
			defaultConfigurationName = Release;
		};
/* End XCConfigurationList section */
	};
	rootObject = A3C7D0452237E9DE00422773 /* Project object */;
}
